
Microsoft Visual Studio Solution File, Format Version 12.00
# Visual Studio Version 17
VisualStudioVersion = 17.12.35527.113
MinimumVisualStudioVersion = 10.0.40219.1
Project("{FAE04EC0-301F-11D3-BF4B-00C04F79EFBC}") = "ChatCompletation", "ChatCompletation\ChatCompletation.csproj", "{78929660-857D-4D4A-8F3F-A7AEA25017C9}"
EndProject
Project("{FAE04EC0-301F-11D3-BF4B-00C04F79EFBC}") = "ChatCompletionStreaming", "ChatCompletionStreaming\ChatCompletionStreaming.csproj", "{19F5D7CC-BD5E-4CE1-8CDC-6CE03384D481}"
EndProject
Project("{2150E333-8FDC-42A3-9474-1A3956D46DE8}") = "Solution Items", "Solution Items", "{8EC462FD-D22E-90A8-E5CE-7E832BA40C5D}"
	ProjectSection(SolutionItems) = preProject
		..\README.md = ..\README.md
	EndProjectSection
EndProject
Project("{FAE04EC0-301F-11D3-BF4B-00C04F79EFBC}") = "ChatWebApp", "ChatWebApp\ChatWebApp.csproj", "{A48653B9-45FF-D32D-F881-8D7DDE0ED098}"
EndProject
Global
	GlobalSection(SolutionConfigurationPlatforms) = preSolution
		Debug|Any CPU = Debug|Any CPU
		Release|Any CPU = Release|Any CPU
	EndGlobalSection
	GlobalSection(ProjectConfigurationPlatforms) = postSolution
		{78929660-857D-4D4A-8F3F-A7AEA25017C9}.Debug|Any CPU.ActiveCfg = Debug|Any CPU
		{78929660-857D-4D4A-8F3F-A7AEA25017C9}.Debug|Any CPU.Build.0 = Debug|Any CPU
		{78929660-857D-4D4A-8F3F-A7AEA25017C9}.Release|Any CPU.ActiveCfg = Release|Any CPU
		{78929660-857D-4D4A-8F3F-A7AEA25017C9}.Release|Any CPU.Build.0 = Release|Any CPU
		{19F5D7CC-BD5E-4CE1-8CDC-6CE03384D481}.Debug|Any CPU.ActiveCfg = Debug|Any CPU
		{19F5D7CC-BD5E-4CE1-8CDC-6CE03384D481}.Debug|Any CPU.Build.0 = Debug|Any CPU
		{19F5D7CC-BD5E-4CE1-8CDC-6CE03384D481}.Release|Any CPU.ActiveCfg = Release|Any CPU
		{19F5D7CC-BD5E-4CE1-8CDC-6CE03384D481}.Release|Any CPU.Build.0 = Release|Any CPU
		{A48653B9-45FF-D32D-F881-8D7DDE0ED098}.Debug|Any CPU.ActiveCfg = Debug|Any CPU
		{A48653B9-45FF-D32D-F881-8D7DDE0ED098}.Debug|Any CPU.Build.0 = Debug|Any CPU
		{A48653B9-45FF-D32D-F881-8D7DDE0ED098}.Release|Any CPU.ActiveCfg = Release|Any CPU
		{A48653B9-45FF-D32D-F881-8D7DDE0ED098}.Release|Any CPU.Build.0 = Release|Any CPU
	EndGlobalSection
	GlobalSection(SolutionProperties) = preSolution
		HideSolutionNode = FALSE
	EndGlobalSection
	GlobalSection(ExtensibilityGlobals) = postSolution
		SolutionGuid = {633D9B1C-7F65-4F45-91BA-7BF5D06FF237}
	EndGlobalSection
EndGlobal
